
Microsoft Visual Studio Solution File, Format Version 12.00
# Visual Studio Version 17
VisualStudioVersion = 17.13.35825.156 d17.13
MinimumVisualStudioVersion = 10.0.40219.1
Project("{FAE04EC0-301F-11D3-BF4B-00C04F79EFBC}") = "ConsoleApp1", "ConsoleApp1\ConsoleApp1.csproj", "{C61ECE8C-5F48-4F14-A498-A24BE8DEC14C}"
EndProject
Global
	GlobalSection(SolutionConfigurationPlatforms) = preSolution
		Debug|Any CPU = Debug|Any CPU
		Release|Any CPU = Release|Any CPU
	EndGlobalSection
	GlobalSection(ProjectConfigurationPlatforms) = postSolution
		{C61ECE8C-5F48-4F14-A498-A24BE8DEC14C}.Debug|Any CPU.ActiveCfg = Debug|Any CPU
		{C61ECE8C-5F48-4F14-A498-A24BE8DEC14C}.Debug|Any CPU.Build.0 = Debug|Any CPU
		{C61ECE8C-5F48-4F14-A498-A24BE8DEC14C}.Release|Any CPU.ActiveCfg = Release|Any CPU
		{C61ECE8C-5F48-4F14-A498-A24BE8DEC14C}.Release|Any CPU.Build.0 = Release|Any CPU
	EndGlobalSection
	GlobalSection(SolutionProperties) = preSolution
		HideSolutionNode = FALSE
	EndGlobalSection
	GlobalSection(ExtensibilityGlobals) = postSolution
		SolutionGuid = {656254C3-5E93-4D4B-A49A-EE128E05A0B6}
	EndGlobalSection
EndGlobal
